
Microsoft Visual Studio Solution File, Format Version 12.00
# Visual Studio 15
VisualStudioVersion = 15.0.28307.902
MinimumVisualStudioVersion = 10.0.40219.1
Project("{FAE04EC0-301F-11D3-BF4B-00C04F79EFBC}") = "LiveChat", "LiveChat\LiveChat.csproj", "{7A46DE85-C940-4CAE-B691-7F69EFD213BF}"
EndProject
Global
	GlobalSection(SolutionConfigurationPlatforms) = preSolution
		Debug|Any CPU = Debug|Any CPU
		Release|Any CPU = Release|Any CPU
	EndGlobalSection
	GlobalSection(ProjectConfigurationPlatforms) = postSolution
		{7A46DE85-C940-4CAE-B691-7F69EFD213BF}.Debug|Any CPU.ActiveCfg = Debug|Any CPU
		{7A46DE85-C940-4CAE-B691-7F69EFD213BF}.Debug|Any CPU.Build.0 = Debug|Any CPU
		{7A46DE85-C940-4CAE-B691-7F69EFD213BF}.Release|Any CPU.ActiveCfg = Release|Any CPU
		{7A46DE85-C940-4CAE-B691-7F69EFD213BF}.Release|Any CPU.Build.0 = Release|Any CPU
	EndGlobalSection
	GlobalSection(SolutionProperties) = preSolution
		HideSolutionNode = FALSE
	EndGlobalSection
	GlobalSection(ExtensibilityGlobals) = postSolution
		SolutionGuid = {2F621E33-D7A0-4E30-A5F4-45367FA594D8}
	EndGlobalSection
EndGlobal
